
Microsoft Visual Studio Solution File, Format Version 12.00
# Visual Studio Version 16
VisualStudioVersion = 16.0.32929.386
MinimumVisualStudioVersion = 10.0.40219.1
Project("{8BC9CEB8-8B4A-11D0-8D11-00A0C91BC942}") = "Tyuiu.NosovaVD.Sprint1", "Tyuiu.NosovaVD.Sprint1.vcxproj", "{426C03BE-3EF8-4AA7-873E-0A8C202ABCB7}"
EndProject
Project("{2150E333-8FDC-42A3-9474-1A3956D46DE8}") = "Task0", "Task0", "{7C3A979B-8507-444D-953C-1B07E4F3E82C}"
EndProject
Project("{8BC9CEB8-8B4A-11D0-8D11-00A0C91BC942}") = "Tyuiu.NosovaVD.Sprint1.Task0.V4", "Tyuiu.NosovaVD.Sprint1.Task0.V4\Tyuiu.NosovaVD.Sprint1.Task0.V4.vcxproj", "{421F0A0D-6B7C-478F-94F5-820B40F28268}"
EndProject
Project("{8BC9CEB8-8B4A-11D0-8D11-00A0C91BC942}") = "Tyuiu.NosovaVD.Sprint1.Task0.V4.Lib", "Tyuiu.NosovaVD.Sprint1.Task0.V4.Lib\Tyuiu.NosovaVD.Sprint1.Task0.V4.Lib.vcxproj", "{70D53E6C-7865-44EB-A90B-36A136927BB2}"
EndProject
Project("{8BC9CEB8-8B4A-11D0-8D11-00A0C91BC942}") = "Tyuiu.NosovaVD.Sprint1.Task0.V4.Test", "Tyuiu.NosovaVD.Sprint1.Task0.V4.Test\Tyuiu.NosovaVD.Sprint1.Task0.V4.Test.vcxproj", "{3C0E3F48-F2C0-4BAB-B93A-CB74285BF3AF}"
EndProject
Project("{2150E333-8FDC-42A3-9474-1A3956D46DE8}") = "Task1", "Task1", "{1CA8409E-99BD-4FD6-8B2F-0A1BD3D0AB96}"
EndProject
Project("{8BC9CEB8-8B4A-11D0-8D11-00A0C91BC942}") = "Tyuiu.NosovaVD.Sprint1.Task1.V4", "Tyuiu.NosovaVD.Sprint1.Task1.V4\Tyuiu.NosovaVD.Sprint1.Task1.V4.vcxproj", "{9C09D4E2-B63D-4132-9E48-C2CD55EE590C}"
EndProject
Project("{8BC9CEB8-8B4A-11D0-8D11-00A0C91BC942}") = "Tyuiu.NosovaVD.Sprint1.Task1.V4.Lib", "Tyuiu.NosovaVD.Sprint1.Task1.V4.Lib\Tyuiu.NosovaVD.Sprint1.Task1.V4.Lib.vcxproj", "{87198588-A7DC-4CE0-ADD8-86AEF4BE6B0D}"
EndProject
Project("{8BC9CEB8-8B4A-11D0-8D11-00A0C91BC942}") = "Tyuiu.NosovaVD.Sprint1.Task1.V4.Test", "Tyuiu.NosovaVD.Sprint1.Task1.V4.Test\Tyuiu.NosovaVD.Sprint1.Task1.V4.Test.vcxproj", "{FB34F650-8CDA-4BD5-A5DB-5856D4E17145}"
EndProject
Project("{2150E333-8FDC-42A3-9474-1A3956D46DE8}") = "Task2", "Task2", "{7CF73B4F-F795-46BB-8968-F38A5A91093D}"
EndProject
Project("{8BC9CEB8-8B4A-11D0-8D11-00A0C91BC942}") = "Tyuiu.NosovaVD.Sprint1.Task2.V4", "Tyuiu.NosovaVD.Sprint1.Task2.V4\Tyuiu.NosovaVD.Sprint1.Task2.V4.vcxproj", "{860258A6-F800-417E-BADD-EF7BD9A7E05F}"
EndProject
Project("{8BC9CEB8-8B4A-11D0-8D11-00A0C91BC942}") = "Tyuiu.NosovaVD.Sprint1.Task2.V4.Lib", "Tyuiu.NosovaVD.Sprint1.Task2.V4.Lib\Tyuiu.NosovaVD.Sprint1.Task2.V4.Lib.vcxproj", "{45A33434-6BC4-4A2E-940E-74FEA8D48EE3}"
EndProject
Project("{8BC9CEB8-8B4A-11D0-8D11-00A0C91BC942}") = "Tyuiu.NosovaVD.Sprint1.Task2.V4.Test", "Tyuiu.NosovaVD.Sprint1.Task2.V4.Test\Tyuiu.NosovaVD.Sprint1.Task2.V4.Test.vcxproj", "{AEE32A83-2AEC-438F-B4C1-F4732D3E283A}"
EndProject
Project("{2150E333-8FDC-42A3-9474-1A3956D46DE8}") = "Task3", "Task3", "{CC61D42A-828C-400C-8C68-3E074E75AFC4}"
EndProject
Project("{8BC9CEB8-8B4A-11D0-8D11-00A0C91BC942}") = "Tyuiu.NosovaVD.Sprint1.Task3", "Tyuiu.NosovaVD.Sprint1.Task3\Tyuiu.NosovaVD.Sprint1.Task3.vcxproj", "{ED14CC9C-1AD1-4BD8-8351-B59D19672036}"
EndProject
Project("{8BC9CEB8-8B4A-11D0-8D11-00A0C91BC942}") = "Tyuiu.NosovaVD.Sprint1.Task3.Lib", "Tyuiu.NosovaVD.Sprint1.Task3.Lib\Tyuiu.NosovaVD.Sprint1.Task3.Lib.vcxproj", "{A75FAAF8-468D-4E92-BE99-704E994896F5}"
EndProject
Project("{8BC9CEB8-8B4A-11D0-8D11-00A0C91BC942}") = "Tyuiu.NosovaVD.Sprint1.Task3.Test", "Tyuiu.NosovaVD.Sprint1.Task3.Test\Tyuiu.NosovaVD.Sprint1.Task3.Test.vcxproj", "{41D6225C-3D5C-4775-ADBB-1B45A051EC00}"
EndProject
Global
	GlobalSection(SolutionConfigurationPlatforms) = preSolution
		Debug|x64 = Debug|x64
		Debug|x86 = Debug|x86
		Release|x64 = Release|x64
		Release|x86 = Release|x86
	EndGlobalSection
	GlobalSection(ProjectConfigurationPlatforms) = postSolution
		{426C03BE-3EF8-4AA7-873E-0A8C202ABCB7}.Debug|x64.ActiveCfg = Debug|x64
		{426C03BE-3EF8-4AA7-873E-0A8C202ABCB7}.Debug|x64.Build.0 = Debug|x64
		{426C03BE-3EF8-4AA7-873E-0A8C202ABCB7}.Debug|x86.ActiveCfg = Debug|Win32
		{426C03BE-3EF8-4AA7-873E-0A8C202ABCB7}.Debug|x86.Build.0 = Debug|Win32
		{426C03BE-3EF8-4AA7-873E-0A8C202ABCB7}.Release|x64.ActiveCfg = Release|x64
		{426C03BE-3EF8-4AA7-873E-0A8C202ABCB7}.Release|x64.Build.0 = Release|x64
		{426C03BE-3EF8-4AA7-873E-0A8C202ABCB7}.Release|x86.ActiveCfg = Release|Win32
		{426C03BE-3EF8-4AA7-873E-0A8C202ABCB7}.Release|x86.Build.0 = Release|Win32
		{421F0A0D-6B7C-478F-94F5-820B40F28268}.Debug|x64.ActiveCfg = Debug|x64
		{421F0A0D-6B7C-478F-94F5-820B40F28268}.Debug|x64.Build.0 = Debug|x64
		{421F0A0D-6B7C-478F-94F5-820B40F28268}.Debug|x86.ActiveCfg = Debug|Win32
		{421F0A0D-6B7C-478F-94F5-820B40F28268}.Debug|x86.Build.0 = Debug|Win32
		{421F0A0D-6B7C-478F-94F5-820B40F28268}.Release|x64.ActiveCfg = Release|x64
		{421F0A0D-6B7C-478F-94F5-820B40F28268}.Release|x64.Build.0 = Release|x64
		{421F0A0D-6B7C-478F-94F5-820B40F28268}.Release|x86.ActiveCfg = Release|Win32
		{421F0A0D-6B7C-478F-94F5-820B40F28268}.Release|x86.Build.0 = Release|Win32
		{70D53E6C-7865-44EB-A90B-36A136927BB2}.Debug|x64.ActiveCfg = Debug|x64
		{70D53E6C-7865-44EB-A90B-36A136927BB2}.Debug|x64.Build.0 = Debug|x64
		{70D53E6C-7865-44EB-A90B-36A136927BB2}.Debug|x86.ActiveCfg = Debug|Win32
		{70D53E6C-7865-44EB-A90B-36A136927BB2}.Debug|x86.Build.0 = Debug|Win32
		{70D53E6C-7865-44EB-A90B-36A136927BB2}.Release|x64.ActiveCfg = Release|x64
		{70D53E6C-7865-44EB-A90B-36A136927BB2}.Release|x64.Build.0 = Release|x64
		{70D53E6C-7865-44EB-A90B-36A136927BB2}.Release|x86.ActiveCfg = Release|Win32
		{70D53E6C-7865-44EB-A90B-36A136927BB2}.Release|x86.Build.0 = Release|Win32
		{3C0E3F48-F2C0-4BAB-B93A-CB74285BF3AF}.Debug|x64.ActiveCfg = Debug|x64
		{3C0E3F48-F2C0-4BAB-B93A-CB74285BF3AF}.Debug|x64.Build.0 = Debug|x64
		{3C0E3F48-F2C0-4BAB-B93A-CB74285BF3AF}.Debug|x86.ActiveCfg = Debug|Win32
		{3C0E3F48-F2C0-4BAB-B93A-CB74285BF3AF}.Debug|x86.Build.0 = Debug|Win32
		{3C0E3F48-F2C0-4BAB-B93A-CB74285BF3AF}.Release|x64.ActiveCfg = Release|x64
		{3C0E3F48-F2C0-4BAB-B93A-CB74285BF3AF}.Release|x64.Build.0 = Release|x64
		{3C0E3F48-F2C0-4BAB-B93A-CB74285BF3AF}.Release|x86.ActiveCfg = Release|Win32
		{3C0E3F48-F2C0-4BAB-B93A-CB74285BF3AF}.Release|x86.Build.0 = Release|Win32
		{9C09D4E2-B63D-4132-9E48-C2CD55EE590C}.Debug|x64.ActiveCfg = Debug|x64
		{9C09D4E2-B63D-4132-9E48-C2CD55EE590C}.Debug|x64.Build.0 = Debug|x64
		{9C09D4E2-B63D-4132-9E48-C2CD55EE590C}.Debug|x86.ActiveCfg = Debug|Win32
		{9C09D4E2-B63D-4132-9E48-C2CD55EE590C}.Debug|x86.Build.0 = Debug|Win32
		{9C09D4E2-B63D-4132-9E48-C2CD55EE590C}.Release|x64.ActiveCfg = Release|x64
		{9C09D4E2-B63D-4132-9E48-C2CD55EE590C}.Release|x64.Build.0 = Release|x64
		{9C09D4E2-B63D-4132-9E48-C2CD55EE590C}.Release|x86.ActiveCfg = Release|Win32
		{9C09D4E2-B63D-4132-9E48-C2CD55EE590C}.Release|x86.Build.0 = Release|Win32
		{87198588-A7DC-4CE0-ADD8-86AEF4BE6B0D}.Debug|x64.ActiveCfg = Debug|x64
		{87198588-A7DC-4CE0-ADD8-86AEF4BE6B0D}.Debug|x64.Build.0 = Debug|x64
		{87198588-A7DC-4CE0-ADD8-86AEF4BE6B0D}.Debug|x86.ActiveCfg = Debug|Win32
		{87198588-A7DC-4CE0-ADD8-86AEF4BE6B0D}.Debug|x86.Build.0 = Debug|Win32
		{87198588-A7DC-4CE0-ADD8-86AEF4BE6B0D}.Release|x64.ActiveCfg = Release|x64
		{87198588-A7DC-4CE0-ADD8-86AEF4BE6B0D}.Release|x64.Build.0 = Release|x64
		{87198588-A7DC-4CE0-ADD8-86AEF4BE6B0D}.Release|x86.ActiveCfg = Release|Win32
		{87198588-A7DC-4CE0-ADD8-86AEF4BE6B0D}.Release|x86.Build.0 = Release|Win32
		{FB34F650-8CDA-4BD5-A5DB-5856D4E17145}.Debug|x64.ActiveCfg = Debug|x64
		{FB34F650-8CDA-4BD5-A5DB-5856D4E17145}.Debug|x64.Build.0 = Debug|x64
		{FB34F650-8CDA-4BD5-A5DB-5856D4E17145}.Debug|x86.ActiveCfg = Debug|Win32
		{FB34F650-8CDA-4BD5-A5DB-5856D4E17145}.Debug|x86.Build.0 = Debug|Win32
		{FB34F650-8CDA-4BD5-A5DB-5856D4E17145}.Release|x64.ActiveCfg = Release|x64
		{FB34F650-8CDA-4BD5-A5DB-5856D4E17145}.Release|x64.Build.0 = Release|x64
		{FB34F650-8CDA-4BD5-A5DB-5856D4E17145}.Release|x86.ActiveCfg = Release|Win32
		{FB34F650-8CDA-4BD5-A5DB-5856D4E17145}.Release|x86.Build.0 = Release|Win32
		{860258A6-F800-417E-BADD-EF7BD9A7E05F}.Debug|x64.ActiveCfg = Debug|x64
		{860258A6-F800-417E-BADD-EF7BD9A7E05F}.Debug|x64.Build.0 = Debug|x64
		{860258A6-F800-417E-BADD-EF7BD9A7E05F}.Debug|x86.ActiveCfg = Debug|Win32
		{860258A6-F800-417E-BADD-EF7BD9A7E05F}.Debug|x86.Build.0 = Debug|Win32
		{860258A6-F800-417E-BADD-EF7BD9A7E05F}.Release|x64.ActiveCfg = Release|x64
		{860258A6-F800-417E-BADD-EF7BD9A7E05F}.Release|x64.Build.0 = Release|x64
		{860258A6-F800-417E-BADD-EF7BD9A7E05F}.Release|x86.ActiveCfg = Release|Win32
		{860258A6-F800-417E-BADD-EF7BD9A7E05F}.Release|x86.Build.0 = Release|Win32
		{45A33434-6BC4-4A2E-940E-74FEA8D48EE3}.Debug|x64.ActiveCfg = Debug|x64
		{45A33434-6BC4-4A2E-940E-74FEA8D48EE3}.Debug|x64.Build.0 = Debug|x64
		{45A33434-6BC4-4A2E-940E-74FEA8D48EE3}.Debug|x86.ActiveCfg = Debug|Win32
		{45A33434-6BC4-4A2E-940E-74FEA8D48EE3}.Debug|x86.Build.0 = Debug|Win32
		{45A33434-6BC4-4A2E-940E-74FEA8D48EE3}.Release|x64.ActiveCfg = Release|x64
		{45A33434-6BC4-4A2E-940E-74FEA8D48EE3}.Release|x64.Build.0 = Release|x64
		{45A33434-6BC4-4A2E-940E-74FEA8D48EE3}.Release|x86.ActiveCfg = Release|Win32
		{45A33434-6BC4-4A2E-940E-74FEA8D48EE3}.Release|x86.Build.0 = Release|Win32
		{AEE32A83-2AEC-438F-B4C1-F4732D3E283A}.Debug|x64.ActiveCfg = Debug|x64
		{AEE32A83-2AEC-438F-B4C1-F4732D3E283A}.Debug|x64.Build.0 = Debug|x64
		{AEE32A83-2AEC-438F-B4C1-F4732D3E283A}.Debug|x86.ActiveCfg = Debug|Win32
		{AEE32A83-2AEC-438F-B4C1-F4732D3E283A}.Debug|x86.Build.0 = Debug|Win32
		{AEE32A83-2AEC-438F-B4C1-F4732D3E283A}.Release|x64.ActiveCfg = Release|x64
		{AEE32A83-2AEC-438F-B4C1-F4732D3E283A}.Release|x64.Build.0 = Release|x64
		{AEE32A83-2AEC-438F-B4C1-F4732D3E283A}.Release|x86.ActiveCfg = Release|Win32
		{AEE32A83-2AEC-438F-B4C1-F4732D3E283A}.Release|x86.Build.0 = Release|Win32
		{ED14CC9C-1AD1-4BD8-8351-B59D19672036}.Debug|x64.ActiveCfg = Debug|x64
		{ED14CC9C-1AD1-4BD8-8351-B59D19672036}.Debug|x64.Build.0 = Debug|x64
		{ED14CC9C-1AD1-4BD8-8351-B59D19672036}.Debug|x86.ActiveCfg = Debug|Win32
		{ED14CC9C-1AD1-4BD8-8351-B59D19672036}.Debug|x86.Build.0 = Debug|Win32
		{ED14CC9C-1AD1-4BD8-8351-B59D19672036}.Release|x64.ActiveCfg = Release|x64
		{ED14CC9C-1AD1-4BD8-8351-B59D19672036}.Release|x64.Build.0 = Release|x64
		{ED14CC9C-1AD1-4BD8-8351-B59D19672036}.Release|x86.ActiveCfg = Release|Win32
		{ED14CC9C-1AD1-4BD8-8351-B59D19672036}.Release|x86.Build.0 = Release|Win32
		{A75FAAF8-468D-4E92-BE99-704E994896F5}.Debug|x64.ActiveCfg = Debug|x64
		{A75FAAF8-468D-4E92-BE99-704E994896F5}.Debug|x64.Build.0 = Debug|x64
		{A75FAAF8-468D-4E92-BE99-704E994896F5}.Debug|x86.ActiveCfg = Debug|Win32
		{A75FAAF8-468D-4E92-BE99-704E994896F5}.Debug|x86.Build.0 = Debug|Win32
		{A75FAAF8-468D-4E92-BE99-704E994896F5}.Release|x64.ActiveCfg = Release|x64
		{A75FAAF8-468D-4E92-BE99-704E994896F5}.Release|x64.Build.0 = Release|x64
		{A75FAAF8-468D-4E92-BE99-704E994896F5}.Release|x86.ActiveCfg = Release|Win32
		{A75FAAF8-468D-4E92-BE99-704E994896F5}.Release|x86.Build.0 = Release|Win32
		{41D6225C-3D5C-4775-ADBB-1B45A051EC00}.Debug|x64.ActiveCfg = Debug|x64
		{41D6225C-3D5C-4775-ADBB-1B45A051EC00}.Debug|x64.Build.0 = Debug|x64
		{41D6225C-3D5C-4775-ADBB-1B45A051EC00}.Debug|x86.ActiveCfg = Debug|Win32
		{41D6225C-3D5C-4775-ADBB-1B45A051EC00}.Debug|x86.Build.0 = Debug|Win32
		{41D6225C-3D5C-4775-ADBB-1B45A051EC00}.Release|x64.ActiveCfg = Release|x64
		{41D6225C-3D5C-4775-ADBB-1B45A051EC00}.Release|x64.Build.0 = Release|x64
		{41D6225C-3D5C-4775-ADBB-1B45A051EC00}.Release|x86.ActiveCfg = Release|Win32
		{41D6225C-3D5C-4775-ADBB-1B45A051EC00}.Release|x86.Build.0 = Release|Win32
	EndGlobalSection
	GlobalSection(SolutionProperties) = preSolution
		HideSolutionNode = FALSE
	EndGlobalSection
	GlobalSection(NestedProjects) = preSolution
		{421F0A0D-6B7C-478F-94F5-820B40F28268} = {7C3A979B-8507-444D-953C-1B07E4F3E82C}
		{70D53E6C-7865-44EB-A90B-36A136927BB2} = {7C3A979B-8507-444D-953C-1B07E4F3E82C}
		{3C0E3F48-F2C0-4BAB-B93A-CB74285BF3AF} = {7C3A979B-8507-444D-953C-1B07E4F3E82C}
		{9C09D4E2-B63D-4132-9E48-C2CD55EE590C} = {1CA8409E-99BD-4FD6-8B2F-0A1BD3D0AB96}
		{87198588-A7DC-4CE0-ADD8-86AEF4BE6B0D} = {1CA8409E-99BD-4FD6-8B2F-0A1BD3D0AB96}
		{FB34F650-8CDA-4BD5-A5DB-5856D4E17145} = {1CA8409E-99BD-4FD6-8B2F-0A1BD3D0AB96}
		{860258A6-F800-417E-BADD-EF7BD9A7E05F} = {7CF73B4F-F795-46BB-8968-F38A5A91093D}
		{45A33434-6BC4-4A2E-940E-74FEA8D48EE3} = {7CF73B4F-F795-46BB-8968-F38A5A91093D}
		{AEE32A83-2AEC-438F-B4C1-F4732D3E283A} = {7CF73B4F-F795-46BB-8968-F38A5A91093D}
		{ED14CC9C-1AD1-4BD8-8351-B59D19672036} = {CC61D42A-828C-400C-8C68-3E074E75AFC4}
		{A75FAAF8-468D-4E92-BE99-704E994896F5} = {CC61D42A-828C-400C-8C68-3E074E75AFC4}
		{41D6225C-3D5C-4775-ADBB-1B45A051EC00} = {CC61D42A-828C-400C-8C68-3E074E75AFC4}
	EndGlobalSection
	GlobalSection(ExtensibilityGlobals) = postSolution
		SolutionGuid = {09A234E8-6E09-4DF6-8135-7D91DBD0AB54}
	EndGlobalSection
EndGlobal
